// !$*UTF8*$!
{
	archiveVersion = 1;
	classes = {
	};
	objectVersion = 48;
	objects = {

/* Begin PBXBuildFile section */
		124DD2FE20B7FFA80036C2AE /* AppDelegate.swift in Sources */ = {isa = PBXBuildFile; fileRef = 124DD2FD20B7FFA80036C2AE /* AppDelegate.swift */; };
		124DD30020B7FFA80036C2AE /* ViewController.swift in Sources */ = {isa = PBXBuildFile; fileRef = 124DD2FF20B7FFA80036C2AE /* ViewController.swift */; };
		124DD30320B7FFA80036C2AE /* Main.storyboard in Resources */ = {isa = PBXBuildFile; fileRef = 124DD30120B7FFA80036C2AE /* Main.storyboard */; };
		124DD30520B7FFA80036C2AE /* Assets.xcassets in Resources */ = {isa = PBXBuildFile; fileRef = 124DD30420B7FFA80036C2AE /* Assets.xcassets */; };
		124DD30820B7FFA80036C2AE /* LaunchScreen.storyboard in Resources */ = {isa = PBXBuildFile; fileRef = 124DD30620B7FFA80036C2AE /* LaunchScreen.storyboard */; };
/* End PBXBuildFile section */

/* Begin PBXFileReference section */
		124DD2FA20B7FFA80036C2AE /* 仿ins上传照片.app */ = {isa = PBXFileReference; explicitFileType = wrapper.application; includeInIndex = 0; path = "仿ins上传照片.app"; sourceTree = BUILT_PRODUCTS_DIR; };
		124DD2FD20B7FFA80036C2AE /* AppDelegate.swift */ = {isa = PBXFileReference; lastKnownFileType = sourcecode.swift; path = AppDelegate.swift; sourceTree = "<group>"; };
		124DD2FF20B7FFA80036C2AE /* ViewController.swift */ = {isa = PBXFileReference; lastKnownFileType = sourcecode.swift; path = ViewController.swift; sourceTree = "<group>"; };
		124DD30220B7FFA80036C2AE /* Base */ = {isa = PBXFileReference; lastKnownFileType = file.storyboard; name = Base; path = Base.lproj/Main.storyboard; sourceTree = "<group>"; };
		124DD30420B7FFA80036C2AE /* Assets.xcassets */ = {isa = PBXFileReference; lastKnownFileType = folder.assetcatalog; path = Assets.xcassets; sourceTree = "<group>"; };
		124DD30720B7FFA80036C2AE /* Base */ = {isa = PBXFileReference; lastKnownFileType = file.storyboard; name = Base; path = Base.lproj/LaunchScreen.storyboard; sourceTree = "<group>"; };
		124DD30920B7FFA80036C2AE /* Info.plist */ = {isa = PBXFileReference; lastKnownFileType = text.plist.xml; path = Info.plist; sourceTree = "<group>"; };
/* End PBXFileReference section */

/* Begin PBXFrameworksBuildPhase section */
		124DD2F720B7FFA80036C2AE /* Frameworks */ = {
			isa = PBXFrameworksBuildPhase;
			buildActionMask = 2147483647;
			files = (
			);
			runOnlyForDeploymentPostprocessing = 0;
		};
/* End PBXFrameworksBuildPhase section */

/* Begin PBXGroup section */
		124DD2F120B7FFA80036C2AE = {
			isa = PBXGroup;
			children = (
				124DD2FC20B7FFA80036C2AE /* 仿ins上传照片 */,
				124DD2FB20B7FFA80036C2AE /* Products */,
			);
			sourceTree = "<group>";
		};
		124DD2FB20B7FFA80036C2AE /* Products */ = {
			isa = PBXGroup;
			children = (
				124DD2FA20B7FFA80036C2AE /* 仿ins上传照片.app */,
			);
			name = Products;
			sourceTree = "<group>";
		};
		124DD2FC20B7FFA80036C2AE /* 仿ins上传照片 */ = {
			isa = PBXGroup;
			children = (
				124DD2FD20B7FFA80036C2AE /* AppDelegate.swift */,
				124DD2FF20B7FFA80036C2AE /* ViewController.swift */,
				124DD30120B7FFA80036C2AE /* Main.storyboard */,
				124DD30420B7FFA80036C2AE /* Assets.xcassets */,
				124DD30620B7FFA80036C2AE /* LaunchScreen.storyboard */,
				124DD30920B7FFA80036C2AE /* Info.plist */,
			);
			path = "仿ins上传照片";
			sourceTree = "<group>";
		};
/* End PBXGroup section */

/* Begin PBXNativeTarget section */
		124DD2F920B7FFA80036C2AE /* 仿ins上传照片 */ = {
			isa = PBXNativeTarget;
			buildConfigurationList = 124DD30C20B7FFA80036C2AE /* Build configuration list for PBXNativeTarget "仿ins上传照片" */;
			buildPhases = (
				124DD2F620B7FFA80036C2AE /* Sources */,
				124DD2F720B7FFA80036C2AE /* Frameworks */,
				124DD2F820B7FFA80036C2AE /* Resources */,
			);
			buildRules = (
			);
			dependencies = (
			);
			name = "仿ins上传照片";
			productName = "仿ins上传照片";
			productReference = 124DD2FA20B7FFA80036C2AE /* 仿ins上传照片.app */;
			productType = "com.apple.product-type.application";
		};
/* End PBXNativeTarget section */

/* Begin PBXProject section */
		124DD2F220B7FFA80036C2AE /* Project object */ = {
			isa = PBXProject;
			attributes = {
				LastSwiftUpdateCheck = 0920;
				LastUpgradeCheck = 0920;
				ORGANIZATIONNAME = shanyazhou;
				TargetAttributes = {
					124DD2F920B7FFA80036C2AE = {
						CreatedOnToolsVersion = 9.2;
						ProvisioningStyle = Automatic;
					};
				};
			};
			buildConfigurationList = 124DD2F520B7FFA80036C2AE /* Build configuration list for PBXProject "仿ins上传照片" */;
			compatibilityVersion = "Xcode 8.0";
			developmentRegion = en;
			hasScannedForEncodings = 0;
			knownRegions = (
				en,
				Base,
			);
			mainGroup = 124DD2F120B7FFA80036C2AE;
			productRefGroup = 124DD2FB20B7FFA80036C2AE /* Products */;
			projectDirPath = "";
			projectRoot = "";
			targets = (
				124DD2F920B7FFA80036C2AE /* 仿ins上传照片 */,
			);
		};
/* End PBXProject section */

/* Begin PBXResourcesBuildPhase section */
		124DD2F820B7FFA80036C2AE /* Resources */ = {
			isa = PBXResourcesBuildPhase;
			buildActionMask = 2147483647;
			files = (
				124DD30820B7FFA80036C2AE /* LaunchScreen.storyboard in Resources */,
				124DD30520B7FFA80036C2AE /* Assets.xcassets in Resources */,
				124DD30320B7FFA80036C2AE /* Main.storyboard in Resources */,
			);
			runOnlyForDeploymentPostprocessing = 0;
		};
/* End PBXResourcesBuildPhase section */

/* Begin PBXSourcesBuildPhase section */
		124DD2F620B7FFA80036C2AE /* Sources */ = {
			isa = PBXSourcesBuildPhase;
			buildActionMask = 2147483647;
			files = (
				124DD30020B7FFA80036C2AE /* ViewController.swift in Sources */,
				124DD2FE20B7FFA80036C2AE /* AppDelegate.swift in Sources */,
			);
			runOnlyForDeploymentPostprocessing = 0;
		};
/* End PBXSourcesBuildPhase section */

/* Begin PBXVariantGroup section */
		124DD30120B7FFA80036C2AE /* Main.storyboard */ = {
			isa = PBXVariantGroup;
			children = (
				124DD30220B7FFA80036C2AE /* Base */,
			);
			name = Main.storyboard;
			sourceTree = "<group>";
		};
		124DD30620B7FFA80036C2AE /* LaunchScreen.storyboard */ = {
			isa = PBXVariantGroup;
			children = (
				124DD30720B7FFA80036C2AE /* Base */,
			);
			name = LaunchScreen.storyboard;
			sourceTree = "<group>";
		};
/* End PBXVariantGroup section */

/* Begin XCBuildConfiguration section */
		124DD30A20B7FFA80036C2AE /* Debug */ = {
			isa = XCBuildConfiguration;
			buildSettings = {
				ALWAYS_SEARCH_USER_PATHS = NO;
				CLANG_ANALYZER_NONNULL = YES;
				CLANG_ANALYZER_NUMBER_OBJECT_CONVERSION = YES_AGGRESSIVE;
				CLANG_CXX_LANGUAGE_STANDARD = "gnu++14";
				CLANG_CXX_LIBRARY = "libc++";
				CLANG_ENABLE_MODULES = YES;
				CLANG_ENABLE_OBJC_ARC = YES;
				CLANG_WARN_BLOCK_CAPTURE_AUTORELEASING = YES;
				CLANG_WARN_BOOL_CONVERSION = YES;
				CLANG_WARN_COMMA = YES;
				CLANG_WARN_CONSTANT_CONVERSION = YES;
				CLANG_WARN_DIRECT_OBJC_ISA_USAGE = YES_ERROR;
				CLANG_WARN_DOCUMENTATION_COMMENTS = YES;
				CLANG_WARN_EMPTY_BODY = YES;
				CLANG_WARN_ENUM_CONVERSION = YES;
				CLANG_WARN_INFINITE_RECURSION = YES;
				CLANG_WARN_INT_CONVERSION = YES;
				CLANG_WARN_NON_LITERAL_NULL_CONVERSION = YES;
				CLANG_WARN_OBJC_LITERAL_CONVERSION = YES;
				CLANG_WARN_OBJC_ROOT_CLASS = YES_ERROR;
				CLANG_WARN_RANGE_LOOP_ANALYSIS = YES;
				CLANG_WARN_STRICT_PROTOTYPES = YES;
				CLANG_WARN_SUSPICIOUS_MOVE = YES;
				CLANG_WARN_UNGUARDED_AVAILABILITY = YES_AGGRESSIVE;
				CLANG_WARN_UNREACHABLE_CODE = YES;
				CLANG_WARN__DUPLICATE_METHOD_MATCH = YES;
				CODE_SIGN_IDENTITY = "iPhone Developer";
				COPY_PHASE_STRIP = NO;
				DEBUG_INFORMATION_FORMAT = dwarf;
				ENABLE_STRICT_OBJC_MSGSEND = YES;
				ENABLE_TESTABILITY = YES;
				GCC_C_LANGUAGE_STANDARD = gnu11;
				GCC_DYNAMIC_NO_PIC = NO;
				GCC_NO_COMMON_BLOCKS = YES;
				GCC_OPTIMIZATION_LEVEL = 0;
				GCC_PREPROCESSOR_DEFINITIONS = (
					"DEBUG=1",
					"$(inherited)",
				);
				GCC_WARN_64_TO_32_BIT_CONVERSION = YES;
				GCC_WARN_ABOUT_RETURN_TYPE = YES_ERROR;
				GCC_WARN_UNDECLARED_SELECTOR = YES;
				GCC_WARN_UNINITIALIZED_AUTOS = YES_AGGRESSIVE;
				GCC_WARN_UNUSED_FUNCTION = YES;
				GCC_WARN_UNUSED_VARIABLE = YES;
				IPHONEOS_DEPLOYMENT_TARGET = 11.2;
				MTL_ENABLE_DEBUG_INFO = YES;
				ONLY_ACTIVE_ARCH = YES;
				SDKROOT = iphoneos;
				SWIFT_ACTIVE_COMPILATION_CONDITIONS = DEBUG;
				SWIFT_OPTIMIZATION_LEVEL = "-Onone";
			};
			name = Debug;
		};
		124DD30B20B7FFA80036C2AE /* Release */ = {
			isa = XCBuildConfiguration;
			buildSettings = {
				ALWAYS_SEARCH_USER_PATHS = NO;
				CLANG_ANALYZER_NONNULL = YES;
				CLANG_ANALYZER_NUMBER_OBJECT_CONVERSION = YES_AGGRESSIVE;
				CLANG_CXX_LANGUAGE_STANDARD = "gnu++14";
				CLANG_CXX_LIBRARY = "libc++";
				CLANG_ENABLE_MODULES = YES;
				CLANG_ENABLE_OBJC_ARC = YES;
				CLANG_WARN_BLOCK_CAPTURE_AUTORELEASING = YES;
				CLANG_WARN_BOOL_CONVERSION = YES;
				CLANG_WARN_COMMA = YES;
				CLANG_WARN_CONSTANT_CONVERSION = YES;
				CLANG_WARN_DIRECT_OBJC_ISA_USAGE = YES_ERROR;
				CLANG_WARN_DOCUMENTATION_COMMENTS = YES;
				CLANG_WARN_EMPTY_BODY = YES;
				CLANG_WARN_ENUM_CONVERSION = YES;
				CLANG_WARN_INFINITE_RECURSION = YES;
				CLANG_WARN_INT_CONVERSION = YES;
				CLANG_WARN_NON_LITERAL_NULL_CONVERSION = YES;
				CLANG_WARN_OBJC_LITERAL_CONVERSION = YES;
				CLANG_WARN_OBJC_ROOT_CLASS = YES_ERROR;
				CLANG_WARN_RANGE_LOOP_ANALYSIS = YES;
				CLANG_WARN_STRICT_PROTOTYPES = YES;
				CLANG_WARN_SUSPICIOUS_MOVE = YES;
				CLANG_WARN_UNGUARDED_AVAILABILITY = YES_AGGRESSIVE;
				CLANG_WARN_UNREACHABLE_CODE = YES;
				CLANG_WARN__DUPLICATE_METHOD_MATCH = YES;
				CODE_SIGN_IDENTITY = "iPhone Developer";
				COPY_PHASE_STRIP = NO;
				DEBUG_INFORMATION_FORMAT = "dwarf-with-dsym";
				ENABLE_NS_ASSERTIONS = NO;
				ENABLE_STRICT_OBJC_MSGSEND = YES;
				GCC_C_LANGUAGE_STANDARD = gnu11;
				GCC_NO_COMMON_BLOCKS = YES;
				GCC_WARN_64_TO_32_BIT_CONVERSION = YES;
				GCC_WARN_ABOUT_RETURN_TYPE = YES_ERROR;
				GCC_WARN_UNDECLARED_SELECTOR = YES;
				GCC_WARN_UNINITIALIZED_AUTOS = YES_AGGRESSIVE;
				GCC_WARN_UNUSED_FUNCTION = YES;
				GCC_WARN_UNUSED_VARIABLE = YES;
				IPHONEOS_DEPLOYMENT_TARGET = 11.2;
				MTL_ENABLE_DEBUG_INFO = NO;
				SDKROOT = iphoneos;
				SWIFT_OPTIMIZATION_LEVEL = "-Owholemodule";
				VALIDATE_PRODUCT = YES;
			};
			name = Release;
		};
		124DD30D20B7FFA80036C2AE /* Debug */ = {
			isa = XCBuildConfiguration;
			buildSettings = {
				ASSETCATALOG_COMPILER_APPICON_NAME = AppIcon;
				CODE_SIGN_STYLE = Automatic;
				INFOPLIST_FILE = "仿ins上传照片/Info.plist";
				LD_RUNPATH_SEARCH_PATHS = "$(inherited) @executable_path/Frameworks";
				PRODUCT_BUNDLE_IDENTIFIER = "com.shanyazhou.www.-ins----";
				PRODUCT_NAME = "$(TARGET_NAME)";
				SWIFT_VERSION = 4.0;
				TARGETED_DEVICE_FAMILY = "1,2";
			};
			name = Debug;
		};
		124DD30E20B7FFA80036C2AE /* Release */ = {
			isa = XCBuildConfiguration;
			buildSettings = {
				ASSETCATALOG_COMPILER_APPICON_NAME = AppIcon;
				CODE_SIGN_STYLE = Automatic;
				INFOPLIST_FILE = "仿ins上传照片/Info.plist";
				LD_RUNPATH_SEARCH_PATHS = "$(inherited) @executable_path/Frameworks";
				PRODUCT_BUNDLE_IDENTIFIER = "com.shanyazhou.www.-ins----";
				PRODUCT_NAME = "$(TARGET_NAME)";
				SWIFT_VERSION = 4.0;
				TARGETED_DEVICE_FAMILY = "1,2";
			};
			name = Release;
		};
/* End XCBuildConfiguration section */

/* Begin XCConfigurationList section */
		124DD2F520B7FFA80036C2AE /* Build configuration list for PBXProject "仿ins上传照片" */ = {
			isa = XCConfigurationList;
			buildConfigurations = (
				124DD30A20B7FFA80036C2AE /* Debug */,
				124DD30B20B7FFA80036C2AE /* Release */,
			);
			defaultConfigurationIsVisible = 0;
			defaultConfigurationName = Release;
		};
		124DD30C20B7FFA80036C2AE /* Build configuration list for PBXNativeTarget "仿ins上传照片" */ = {
			isa = XCConfigurationList;
			buildConfigurations = (
				124DD30D20B7FFA80036C2AE /* Debug */,
				124DD30E20B7FFA80036C2AE /* Release */,
			);
			defaultConfigurationIsVisible = 0;
			defaultConfigurationName = Release;
		};
/* End XCConfigurationList section */
	};
	rootObject = 124DD2F220B7FFA80036C2AE /* Project object */;
}
